
Microsoft Visual Studio Solution File, Format Version 12.00
# Visual Studio Version 17
VisualStudioVersion = 17.0.32112.339
MinimumVisualStudioVersion = 10.0.40219.1
Project("{FAE04EC0-301F-11D3-BF4B-00C04F79EFBC}") = "ConsoleApp2", "ConsoleApp2\ConsoleApp2.csproj", "{4BEBF89B-C6DC-4AF3-B508-AD18DF4D0BDA}"
EndProject
Global
	GlobalSection(SolutionConfigurationPlatforms) = preSolution
		Debug|Any CPU = Debug|Any CPU
		Release|Any CPU = Release|Any CPU
	EndGlobalSection
	GlobalSection(ProjectConfigurationPlatforms) = postSolution
		{4BEBF89B-C6DC-4AF3-B508-AD18DF4D0BDA}.Debug|Any CPU.ActiveCfg = Debug|Any CPU
		{4BEBF89B-C6DC-4AF3-B508-AD18DF4D0BDA}.Debug|Any CPU.Build.0 = Debug|Any CPU
		{4BEBF89B-C6DC-4AF3-B508-AD18DF4D0BDA}.Release|Any CPU.ActiveCfg = Release|Any CPU
		{4BEBF89B-C6DC-4AF3-B508-AD18DF4D0BDA}.Release|Any CPU.Build.0 = Release|Any CPU
	EndGlobalSection
	GlobalSection(SolutionProperties) = preSolution
		HideSolutionNode = FALSE
	EndGlobalSection
	GlobalSection(ExtensibilityGlobals) = postSolution
		SolutionGuid = {10ACDC40-D553-422D-8519-01A648D1199C}
	EndGlobalSection
EndGlobal
